
Microsoft Visual Studio Solution File, Format Version 12.00
Project("{2150E333-8FDC-42A3-9474-1A3956D46DE8}") = "Microservices", "Microservices", "{F30AD246-4528-4FD2-A696-1B7523A49E37}"
EndProject
Project("{2150E333-8FDC-42A3-9474-1A3956D46DE8}") = "Domain", "Domain", "{2E86090F-6393-4CA7-848F-11E71037F5A4}"
EndProject
Project("{2150E333-8FDC-42A3-9474-1A3956D46DE8}") = "Infra.Bus", "Infra.Bus", "{279BD662-0BF3-411A-8473-3C8D934E0685}"
EndProject
Project("{2150E333-8FDC-42A3-9474-1A3956D46DE8}") = "Infrastructure.IoC", "Infrastructure.IoC", "{982FB8E2-971B-4123-A9A9-90414BDEAB4B}"
EndProject
Project("{2150E333-8FDC-42A3-9474-1A3956D46DE8}") = "Presentation", "Presentation", "{6A5A7CAD-A21A-4FD3-AD5C-3B949C001EF8}"
EndProject
Project("{FAE04EC0-301F-11D3-BF4B-00C04F79EFBC}") = "MicroRabbit.Domain.core", "MicroRabbit.Domain.core\MicroRabbit.Domain.core.csproj", "{A420C7E4-87E4-4421-8C75-6D77DE614856}"
EndProject
Global
	GlobalSection(SolutionConfigurationPlatforms) = preSolution
		Debug|Any CPU = Debug|Any CPU
		Release|Any CPU = Release|Any CPU
	EndGlobalSection
	GlobalSection(ProjectConfigurationPlatforms) = postSolution
		{A420C7E4-87E4-4421-8C75-6D77DE614856}.Debug|Any CPU.ActiveCfg = Debug|Any CPU
		{A420C7E4-87E4-4421-8C75-6D77DE614856}.Debug|Any CPU.Build.0 = Debug|Any CPU
		{A420C7E4-87E4-4421-8C75-6D77DE614856}.Release|Any CPU.ActiveCfg = Release|Any CPU
		{A420C7E4-87E4-4421-8C75-6D77DE614856}.Release|Any CPU.Build.0 = Release|Any CPU
	EndGlobalSection
	GlobalSection(NestedProjects) = preSolution
		{A420C7E4-87E4-4421-8C75-6D77DE614856} = {2E86090F-6393-4CA7-848F-11E71037F5A4}
	EndGlobalSection
EndGlobal
