
Microsoft Visual Studio Solution File, Format Version 12.00
Project("{FAE04EC0-301F-11D3-BF4B-00C04F79EFBC}") = "Sender", "Sender\Sender.csproj", "{38F7754D-2EF0-407A-9661-4F7EF9D4A78F}"
EndProject
Project("{FAE04EC0-301F-11D3-BF4B-00C04F79EFBC}") = "Consumer", "Consumer\Consumer.csproj", "{ABD2845B-8539-45ED-8D5B-E57DBC924E83}"
EndProject
Global
	GlobalSection(SolutionConfigurationPlatforms) = preSolution
		Debug|Any CPU = Debug|Any CPU
		Release|Any CPU = Release|Any CPU
	EndGlobalSection
	GlobalSection(ProjectConfigurationPlatforms) = postSolution
		{38F7754D-2EF0-407A-9661-4F7EF9D4A78F}.Debug|Any CPU.ActiveCfg = Debug|Any CPU
		{38F7754D-2EF0-407A-9661-4F7EF9D4A78F}.Debug|Any CPU.Build.0 = Debug|Any CPU
		{38F7754D-2EF0-407A-9661-4F7EF9D4A78F}.Release|Any CPU.ActiveCfg = Release|Any CPU
		{38F7754D-2EF0-407A-9661-4F7EF9D4A78F}.Release|Any CPU.Build.0 = Release|Any CPU
		{ABD2845B-8539-45ED-8D5B-E57DBC924E83}.Debug|Any CPU.ActiveCfg = Debug|Any CPU
		{ABD2845B-8539-45ED-8D5B-E57DBC924E83}.Debug|Any CPU.Build.0 = Debug|Any CPU
		{ABD2845B-8539-45ED-8D5B-E57DBC924E83}.Release|Any CPU.ActiveCfg = Release|Any CPU
		{ABD2845B-8539-45ED-8D5B-E57DBC924E83}.Release|Any CPU.Build.0 = Release|Any CPU
	EndGlobalSection
EndGlobal
